
Microsoft Visual Studio Solution File, Format Version 12.00
# Visual Studio Version 17
VisualStudioVersion = 17.4.33205.214
MinimumVisualStudioVersion = 10.0.40219.1
Project("{FAE04EC0-301F-11D3-BF4B-00C04F79EFBC}") = "ProyectoG1", "ProyectoG1\ProyectoG1.csproj", "{67D378DF-2CF7-4E2A-B7D8-CC273C3C5057}"
EndProject
Global
	GlobalSection(SolutionConfigurationPlatforms) = preSolution
		Debug|Any CPU = Debug|Any CPU
		Release|Any CPU = Release|Any CPU
	EndGlobalSection
	GlobalSection(ProjectConfigurationPlatforms) = postSolution
		{67D378DF-2CF7-4E2A-B7D8-CC273C3C5057}.Debug|Any CPU.ActiveCfg = Debug|Any CPU
		{67D378DF-2CF7-4E2A-B7D8-CC273C3C5057}.Debug|Any CPU.Build.0 = Debug|Any CPU
		{67D378DF-2CF7-4E2A-B7D8-CC273C3C5057}.Release|Any CPU.ActiveCfg = Release|Any CPU
		{67D378DF-2CF7-4E2A-B7D8-CC273C3C5057}.Release|Any CPU.Build.0 = Release|Any CPU
	EndGlobalSection
	GlobalSection(SolutionProperties) = preSolution
		HideSolutionNode = FALSE
	EndGlobalSection
	GlobalSection(ExtensibilityGlobals) = postSolution
		SolutionGuid = {912D013A-1FD8-4DD3-94A5-D039FB788F2A}
	EndGlobalSection
EndGlobal
